
Microsoft Visual Studio Solution File, Format Version 12.00
# Visual Studio Version 16
VisualStudioVersion = 16.0.31005.135
MinimumVisualStudioVersion = 10.0.40219.1
Project("{E24C65DC-7377-472B-9ABA-BC803B73C61A}") = "LibraryService", "LibraryService\", "{052FF1F0-80EF-457E-AD53-0FCC2AF61422}"
	ProjectSection(WebsiteProperties) = preProject
		TargetFrameworkMoniker = ".NETFramework,Version%3Dv4.7.2"
		ProjectReferences = "{9c2b645f-f679-4c54-9187-f4ba8b0e4a76}|LibraryApp_DAL.dll;{21a35fa9-c378-426e-b7c6-0e00141ce14f}|LibraryApp.BusinessLogic.dll;{f4659519-452f-48f2-b156-42d8a8006449}|LibraryApp.DataModel.dll;"
		Debug.AspNetCompiler.VirtualPath = "/localhost_55459"
		Debug.AspNetCompiler.PhysicalPath = "LibraryService\"
		Debug.AspNetCompiler.TargetPath = "PrecompiledWeb\localhost_55459\"
		Debug.AspNetCompiler.Updateable = "true"
		Debug.AspNetCompiler.ForceOverwrite = "true"
		Debug.AspNetCompiler.FixedNames = "false"
		Debug.AspNetCompiler.Debug = "True"
		Release.AspNetCompiler.VirtualPath = "/localhost_55459"
		Release.AspNetCompiler.PhysicalPath = "LibraryService\"
		Release.AspNetCompiler.TargetPath = "PrecompiledWeb\localhost_55459\"
		Release.AspNetCompiler.Updateable = "true"
		Release.AspNetCompiler.ForceOverwrite = "true"
		Release.AspNetCompiler.FixedNames = "false"
		Release.AspNetCompiler.Debug = "False"
		VWDPort = "55459"
		SlnRelativePath = "LibraryService\"
		DefaultWebSiteLanguage = "Visual C#"
	EndProjectSection
EndProject
Project("{FAE04EC0-301F-11D3-BF4B-00C04F79EFBC}") = "LibraryApp", "LibraryApp\LibraryApp.csproj", "{EAA0CF99-6E65-441C-91BC-170036825A85}"
	ProjectSection(ProjectDependencies) = postProject
		{052FF1F0-80EF-457E-AD53-0FCC2AF61422} = {052FF1F0-80EF-457E-AD53-0FCC2AF61422}
	EndProjectSection
EndProject
Project("{FAE04EC0-301F-11D3-BF4B-00C04F79EFBC}") = "LibraryApp_DAL", "LibraryApp_DAL\LibraryApp_DAL.csproj", "{9C2B645F-F679-4C54-9187-F4BA8B0E4A76}"
EndProject
Project("{FAE04EC0-301F-11D3-BF4B-00C04F79EFBC}") = "LibraryApp.BusinessLogic", "LibraryApp.BusinessLogic\LibraryApp.BusinessLogic.csproj", "{21A35FA9-C378-426E-B7C6-0E00141CE14F}"
EndProject
Project("{FAE04EC0-301F-11D3-BF4B-00C04F79EFBC}") = "LibraryApp.DataModel", "LibraryApp.DataModel\LibraryApp.DataModel.csproj", "{F4659519-452F-48F2-B156-42D8A8006449}"
EndProject
Project("{FAE04EC0-301F-11D3-BF4B-00C04F79EFBC}") = "LibraryApp.BusinessLogic.Tests", "LibraryApp.BusinessLogic.Tests\LibraryApp.BusinessLogic.Tests.csproj", "{426861C3-5099-4C13-80EB-BF1DE0245F06}"
EndProject
Project("{FAE04EC0-301F-11D3-BF4B-00C04F79EFBC}") = "LibraryAutomatedTests", "LibraryAutomatedTests\LibraryAutomatedTests.csproj", "{051060F5-1348-4123-BCE7-6C30ADEC47A1}"
EndProject
Global
	GlobalSection(SolutionConfigurationPlatforms) = preSolution
		Debug|Any CPU = Debug|Any CPU
		Release|Any CPU = Release|Any CPU
	EndGlobalSection
	GlobalSection(ProjectConfigurationPlatforms) = postSolution
		{052FF1F0-80EF-457E-AD53-0FCC2AF61422}.Debug|Any CPU.ActiveCfg = Debug|Any CPU
		{052FF1F0-80EF-457E-AD53-0FCC2AF61422}.Debug|Any CPU.Build.0 = Debug|Any CPU
		{052FF1F0-80EF-457E-AD53-0FCC2AF61422}.Release|Any CPU.ActiveCfg = Debug|Any CPU
		{052FF1F0-80EF-457E-AD53-0FCC2AF61422}.Release|Any CPU.Build.0 = Debug|Any CPU
		{EAA0CF99-6E65-441C-91BC-170036825A85}.Debug|Any CPU.ActiveCfg = Debug|Any CPU
		{EAA0CF99-6E65-441C-91BC-170036825A85}.Debug|Any CPU.Build.0 = Debug|Any CPU
		{EAA0CF99-6E65-441C-91BC-170036825A85}.Release|Any CPU.ActiveCfg = Release|Any CPU
		{EAA0CF99-6E65-441C-91BC-170036825A85}.Release|Any CPU.Build.0 = Release|Any CPU
		{9C2B645F-F679-4C54-9187-F4BA8B0E4A76}.Debug|Any CPU.ActiveCfg = Debug|Any CPU
		{9C2B645F-F679-4C54-9187-F4BA8B0E4A76}.Debug|Any CPU.Build.0 = Debug|Any CPU
		{9C2B645F-F679-4C54-9187-F4BA8B0E4A76}.Release|Any CPU.ActiveCfg = Release|Any CPU
		{9C2B645F-F679-4C54-9187-F4BA8B0E4A76}.Release|Any CPU.Build.0 = Release|Any CPU
		{21A35FA9-C378-426E-B7C6-0E00141CE14F}.Debug|Any CPU.ActiveCfg = Debug|Any CPU
		{21A35FA9-C378-426E-B7C6-0E00141CE14F}.Debug|Any CPU.Build.0 = Debug|Any CPU
		{21A35FA9-C378-426E-B7C6-0E00141CE14F}.Release|Any CPU.ActiveCfg = Release|Any CPU
		{21A35FA9-C378-426E-B7C6-0E00141CE14F}.Release|Any CPU.Build.0 = Release|Any CPU
		{F4659519-452F-48F2-B156-42D8A8006449}.Debug|Any CPU.ActiveCfg = Debug|Any CPU
		{F4659519-452F-48F2-B156-42D8A8006449}.Debug|Any CPU.Build.0 = Debug|Any CPU
		{F4659519-452F-48F2-B156-42D8A8006449}.Release|Any CPU.ActiveCfg = Release|Any CPU
		{F4659519-452F-48F2-B156-42D8A8006449}.Release|Any CPU.Build.0 = Release|Any CPU
		{426861C3-5099-4C13-80EB-BF1DE0245F06}.Debug|Any CPU.ActiveCfg = Debug|Any CPU
		{426861C3-5099-4C13-80EB-BF1DE0245F06}.Debug|Any CPU.Build.0 = Debug|Any CPU
		{426861C3-5099-4C13-80EB-BF1DE0245F06}.Release|Any CPU.ActiveCfg = Release|Any CPU
		{426861C3-5099-4C13-80EB-BF1DE0245F06}.Release|Any CPU.Build.0 = Release|Any CPU
		{051060F5-1348-4123-BCE7-6C30ADEC47A1}.Debug|Any CPU.ActiveCfg = Debug|Any CPU
		{051060F5-1348-4123-BCE7-6C30ADEC47A1}.Debug|Any CPU.Build.0 = Debug|Any CPU
		{051060F5-1348-4123-BCE7-6C30ADEC47A1}.Release|Any CPU.ActiveCfg = Release|Any CPU
		{051060F5-1348-4123-BCE7-6C30ADEC47A1}.Release|Any CPU.Build.0 = Release|Any CPU
	EndGlobalSection
	GlobalSection(SolutionProperties) = preSolution
		HideSolutionNode = FALSE
	EndGlobalSection
	GlobalSection(ExtensibilityGlobals) = postSolution
		SolutionGuid = {99EA0BEB-6088-4F3B-8782-918283EE6627}
	EndGlobalSection
EndGlobal
